
Microsoft Visual Studio Solution File, Format Version 12.00
# Visual Studio 15
VisualStudioVersion = 15.0.28307.1169
MinimumVisualStudioVersion = 10.0.40219.1
Project("{FAE04EC0-301F-11D3-BF4B-00C04F79EFBC}") = "bank", "bank\bank.csproj", "{BD506179-DE2E-4616-85AD-C38EF3774895}"
EndProject
Global
	GlobalSection(SolutionConfigurationPlatforms) = preSolution
		Debug|Any CPU = Debug|Any CPU
		Release|Any CPU = Release|Any CPU
	EndGlobalSection
	GlobalSection(ProjectConfigurationPlatforms) = postSolution
		{BD506179-DE2E-4616-85AD-C38EF3774895}.Debug|Any CPU.ActiveCfg = Debug|Any CPU
		{BD506179-DE2E-4616-85AD-C38EF3774895}.Debug|Any CPU.Build.0 = Debug|Any CPU
		{BD506179-DE2E-4616-85AD-C38EF3774895}.Release|Any CPU.ActiveCfg = Release|Any CPU
		{BD506179-DE2E-4616-85AD-C38EF3774895}.Release|Any CPU.Build.0 = Release|Any CPU
	EndGlobalSection
	GlobalSection(SolutionProperties) = preSolution
		HideSolutionNode = FALSE
	EndGlobalSection
	GlobalSection(ExtensibilityGlobals) = postSolution
		SolutionGuid = {06EE48F6-F5DD-4418-B39E-E0A19093E446}
	EndGlobalSection
EndGlobal
